
Microsoft Visual Studio Solution File, Format Version 12.00
# Visual Studio Version 17
VisualStudioVersion = 17.0.31903.59
MinimumVisualStudioVersion = 10.0.40219.1
Project("{9A19103F-16F7-4668-BE54-9A1E7A4F7556}") = "IdentityServer.Admin", "IdentityServer.Admin\IdentityServer.Admin.csproj", "{17478A74-23B7-4F24-91A0-A68B58D1F106}"
EndProject
Project("{9A19103F-16F7-4668-BE54-9A1E7A4F7556}") = "IdentityServer.Admin.Api", "IdentityServer.Admin.Api\IdentityServer.Admin.Api.csproj", "{0BAFBCCD-3D5E-4897-8F53-E821D17EB77E}"
EndProject
Project("{9A19103F-16F7-4668-BE54-9A1E7A4F7556}") = "IdentityServer.Admin.EntityFramework", "IdentityServer.Admin.EntityFramework\IdentityServer.Admin.EntityFramework.csproj", "{2AD57534-18DC-4234-A249-F3E1A4FFC18D}"
EndProject
Project("{9A19103F-16F7-4668-BE54-9A1E7A4F7556}") = "IdentityServer.Shared", "IdentityServer.Shared\IdentityServer.Shared.csproj", "{921F34A8-EB13-460D-9ED1-37BEC87F5587}"
EndProject
Project("{9A19103F-16F7-4668-BE54-9A1E7A4F7556}") = "IdentityServer.STS.Identity", "IdentityServer.STS.Identity\IdentityServer.STS.Identity.csproj", "{BBEEA949-E709-404C-8F48-EB3F5B4449F7}"
EndProject
Project("{E53339B2-1760-4266-BCC7-CA923CBCF16C}") = "docker-compose", "docker-compose.dcproj", "{8909C0BC-D3BB-40FD-B4F8-76936E795290}"
EndProject
Global
	GlobalSection(SolutionConfigurationPlatforms) = preSolution
		Debug|Any CPU = Debug|Any CPU
		Release|Any CPU = Release|Any CPU
	EndGlobalSection
	GlobalSection(ProjectConfigurationPlatforms) = postSolution
		{17478A74-23B7-4F24-91A0-A68B58D1F106}.Debug|Any CPU.ActiveCfg = Debug|Any CPU
		{17478A74-23B7-4F24-91A0-A68B58D1F106}.Debug|Any CPU.Build.0 = Debug|Any CPU
		{17478A74-23B7-4F24-91A0-A68B58D1F106}.Release|Any CPU.ActiveCfg = Release|Any CPU
		{17478A74-23B7-4F24-91A0-A68B58D1F106}.Release|Any CPU.Build.0 = Release|Any CPU
		{0BAFBCCD-3D5E-4897-8F53-E821D17EB77E}.Debug|Any CPU.ActiveCfg = Debug|Any CPU
		{0BAFBCCD-3D5E-4897-8F53-E821D17EB77E}.Debug|Any CPU.Build.0 = Debug|Any CPU
		{0BAFBCCD-3D5E-4897-8F53-E821D17EB77E}.Release|Any CPU.ActiveCfg = Release|Any CPU
		{0BAFBCCD-3D5E-4897-8F53-E821D17EB77E}.Release|Any CPU.Build.0 = Release|Any CPU
		{2AD57534-18DC-4234-A249-F3E1A4FFC18D}.Debug|Any CPU.ActiveCfg = Debug|Any CPU
		{2AD57534-18DC-4234-A249-F3E1A4FFC18D}.Debug|Any CPU.Build.0 = Debug|Any CPU
		{2AD57534-18DC-4234-A249-F3E1A4FFC18D}.Release|Any CPU.ActiveCfg = Release|Any CPU
		{2AD57534-18DC-4234-A249-F3E1A4FFC18D}.Release|Any CPU.Build.0 = Release|Any CPU
		{921F34A8-EB13-460D-9ED1-37BEC87F5587}.Debug|Any CPU.ActiveCfg = Debug|Any CPU
		{921F34A8-EB13-460D-9ED1-37BEC87F5587}.Debug|Any CPU.Build.0 = Debug|Any CPU
		{921F34A8-EB13-460D-9ED1-37BEC87F5587}.Release|Any CPU.ActiveCfg = Release|Any CPU
		{921F34A8-EB13-460D-9ED1-37BEC87F5587}.Release|Any CPU.Build.0 = Release|Any CPU
		{BBEEA949-E709-404C-8F48-EB3F5B4449F7}.Debug|Any CPU.ActiveCfg = Debug|Any CPU
		{BBEEA949-E709-404C-8F48-EB3F5B4449F7}.Debug|Any CPU.Build.0 = Debug|Any CPU
		{BBEEA949-E709-404C-8F48-EB3F5B4449F7}.Release|Any CPU.ActiveCfg = Release|Any CPU
		{BBEEA949-E709-404C-8F48-EB3F5B4449F7}.Release|Any CPU.Build.0 = Release|Any CPU
		{8909C0BC-D3BB-40FD-B4F8-76936E795290}.Debug|Any CPU.ActiveCfg = Debug|Any CPU
		{8909C0BC-D3BB-40FD-B4F8-76936E795290}.Debug|Any CPU.Build.0 = Debug|Any CPU
		{8909C0BC-D3BB-40FD-B4F8-76936E795290}.Release|Any CPU.ActiveCfg = Release|Any CPU
		{8909C0BC-D3BB-40FD-B4F8-76936E795290}.Release|Any CPU.Build.0 = Release|Any CPU
	EndGlobalSection
	GlobalSection(SolutionProperties) = preSolution
		HideSolutionNode = FALSE
	EndGlobalSection
	GlobalSection(ExtensibilityGlobals) = postSolution
		SolutionGuid = {C009361E-C635-4DE6-8D9E-0D283E9A2ABA}
	EndGlobalSection
EndGlobal
